
Microsoft Visual Studio Solution File, Format Version 12.00
# Visual Studio Version 17
VisualStudioVersion = 17.4.33122.133
MinimumVisualStudioVersion = 10.0.40219.1
Project("{9A19103F-16F7-4668-BE54-9A1E7A4F7556}") = "PS.Domain", "PS.Domain\PS.Domain.csproj", "{7A949ACD-B467-4F4E-84F8-95D16CF05334}"
EndProject
Project("{9A19103F-16F7-4668-BE54-9A1E7A4F7556}") = "PS.Presentation.Api", "PS.Presentation.Api\PS.Presentation.Api.csproj", "{B00CBC03-1849-4EF6-999D-38A3E14AA1C3}"
EndProject
Project("{FAE04EC0-301F-11D3-BF4B-00C04F79EFBC}") = "PS.Presentation.Razor", "PS.Presentation.Razor\PS.Presentation.Razor.csproj", "{664FE162-534D-4F88-9688-BFDCAAA16BC7}"
EndProject
Global
	GlobalSection(SolutionConfigurationPlatforms) = preSolution
		Debug|Any CPU = Debug|Any CPU
		Release|Any CPU = Release|Any CPU
	EndGlobalSection
	GlobalSection(ProjectConfigurationPlatforms) = postSolution
		{7A949ACD-B467-4F4E-84F8-95D16CF05334}.Debug|Any CPU.ActiveCfg = Debug|Any CPU
		{7A949ACD-B467-4F4E-84F8-95D16CF05334}.Debug|Any CPU.Build.0 = Debug|Any CPU
		{7A949ACD-B467-4F4E-84F8-95D16CF05334}.Release|Any CPU.ActiveCfg = Release|Any CPU
		{7A949ACD-B467-4F4E-84F8-95D16CF05334}.Release|Any CPU.Build.0 = Release|Any CPU
		{B00CBC03-1849-4EF6-999D-38A3E14AA1C3}.Debug|Any CPU.ActiveCfg = Debug|Any CPU
		{B00CBC03-1849-4EF6-999D-38A3E14AA1C3}.Debug|Any CPU.Build.0 = Debug|Any CPU
		{B00CBC03-1849-4EF6-999D-38A3E14AA1C3}.Release|Any CPU.ActiveCfg = Release|Any CPU
		{B00CBC03-1849-4EF6-999D-38A3E14AA1C3}.Release|Any CPU.Build.0 = Release|Any CPU
		{664FE162-534D-4F88-9688-BFDCAAA16BC7}.Debug|Any CPU.ActiveCfg = Debug|Any CPU
		{664FE162-534D-4F88-9688-BFDCAAA16BC7}.Debug|Any CPU.Build.0 = Debug|Any CPU
		{664FE162-534D-4F88-9688-BFDCAAA16BC7}.Release|Any CPU.ActiveCfg = Release|Any CPU
		{664FE162-534D-4F88-9688-BFDCAAA16BC7}.Release|Any CPU.Build.0 = Release|Any CPU
	EndGlobalSection
	GlobalSection(SolutionProperties) = preSolution
		HideSolutionNode = FALSE
	EndGlobalSection
	GlobalSection(ExtensibilityGlobals) = postSolution
		SolutionGuid = {43E1CC6D-A1E3-4DAB-9F44-5DC21683D43E}
	EndGlobalSection
EndGlobal
